{
	"name": "@prague/cell",
	"version": "0.5.0",
	"lockfileVersion": 1,
	"requires": true,
	"dependencies": {
		"@prague/gitresources": {
			"version": "0.5.7979",
			"resolved": "https://packages.wu2.prague.office-int.com/@prague%2fgitresources/-/gitresources-0.5.7979.tgz",
			"integrity": "sha512-1FL9ZZWzEwBhH/lQyaAtTpK8wmhfVMctI5huwxPeZhT5v1dkfXHnm7qv/CTfnAoUv6GeK5SiCy0af5fR7ijrqw==",
			"dev": true
		},
		"@prague/runtime-test-utils": {
			"version": "0.5.7979",
			"resolved": "https://packages.wu2.prague.office-int.com/@prague%2fruntime-test-utils/-/runtime-test-utils-0.5.7979.tgz",
			"integrity": "sha512-Z6lzpVcFtIjZia3oEwJxqgXgiEgXJ36YZPZy33EL6W6HrbOZs0MvXVA1cCEhXRGo/V6njDKQaoIPC0OUFV945A==",
			"dev": true,
			"requires": {
				"@prague/container-definitions": "^0.5.7979",
				"@prague/gitresources": "^0.5.7979",
				"@prague/runtime-definitions": "^0.5.7979",
				"@prague/services-client": "^0.5.7979",
				"@prague/utils": "^0.5.7979",
				"uuid": "^3.3.2"
			},
			"dependencies": {
				"@prague/container-definitions": {
					"version": "0.5.7979",
					"resolved": "https://packages.wu2.prague.office-int.com/@prague%2fcontainer-definitions/-/container-definitions-0.5.7979.tgz",
					"integrity": "sha512-/u4767z3sBMdCkMzo/A0bPd0M5S1j/hzRH4g8Dv06WFPtHlbzDtHxitF41vfT270EHtrZzQzEs+OcW8+N29Hog==",
					"dev": true,
					"requires": {
						"debug": "^4.1.1"
					}
				},
				"@prague/runtime-definitions": {
					"version": "0.5.7979",
					"resolved": "https://packages.wu2.prague.office-int.com/@prague%2fruntime-definitions/-/runtime-definitions-0.5.7979.tgz",
					"integrity": "sha512-oNmBJjISqVPsaeqPv3FfmMVLXa2npdjJiyu2xy9Yts9fVyni3hDOERSlmUlRPn9G7thEajc4UdbbN28lcS8ufg==",
					"dev": true,
					"requires": {
						"@prague/container-definitions": "^0.5.7979",
						"@prague/gitresources": "^0.5.7979",
						"@prague/utils": "^0.5.7979",
						"@types/node": "^10.12.12"
					}
				},
				"debug": {
					"version": "4.1.1",
					"resolved": "https://packages.wu2.prague.office-int.com/debug/-/debug-4.1.1.tgz",
					"integrity": "sha512-pYAIzeRo8J6KPEaJ0VWOh5Pzkbw/RetuzehGM7QRRX5he4fPHx2rdKMB256ehJCkX+XRQm16eZLqLNS8RSZXZw==",
					"dev": true,
					"requires": {
						"ms": "^2.1.1"
					}
				}
			}
		},
		"@prague/services-client": {
			"version": "0.5.7979",
			"resolved": "https://packages.wu2.prague.office-int.com/@prague%2fservices-client/-/services-client-0.5.7979.tgz",
			"integrity": "sha512-8U7gRu8thojz+ud/EHBtvaoVPytvzHH/qQGfHSdbd5BZy8zDaoE8tFL1Lq8vZzrMuelfc7SImnCKhtEkm502gA==",
			"dev": true,
			"requires": {
				"@prague/container-definitions": "^0.5.7979",
				"@prague/gitresources": "^0.5.7979",
				"@prague/utils": "^0.5.7979",
				"@types/node": "^10.12.12",
				"axios": "^0.18.0",
				"debug": "^4.1.1"
			},
			"dependencies": {
				"@prague/container-definitions": {
					"version": "0.5.7979",
					"resolved": "https://packages.wu2.prague.office-int.com/@prague%2fcontainer-definitions/-/container-definitions-0.5.7979.tgz",
					"integrity": "sha512-/u4767z3sBMdCkMzo/A0bPd0M5S1j/hzRH4g8Dv06WFPtHlbzDtHxitF41vfT270EHtrZzQzEs+OcW8+N29Hog==",
					"dev": true,
					"requires": {
						"debug": "^4.1.1"
					}
				},
				"debug": {
					"version": "4.1.1",
					"resolved": "https://packages.wu2.prague.office-int.com/debug/-/debug-4.1.1.tgz",
					"integrity": "sha512-pYAIzeRo8J6KPEaJ0VWOh5Pzkbw/RetuzehGM7QRRX5he4fPHx2rdKMB256ehJCkX+XRQm16eZLqLNS8RSZXZw==",
					"dev": true,
					"requires": {
						"ms": "^2.1.1"
					}
				}
			}
		},
		"@prague/utils": {
			"version": "0.5.7979",
			"resolved": "https://packages.wu2.prague.office-int.com/@prague%2futils/-/utils-0.5.7979.tgz",
			"integrity": "sha512-rFeZnBGT3moVAC1IMnNI57AYAlANV0CYueH9fUiX/U+jpV0+sdsJbo8y82ih8ItJHYYuCQx5g5iiuIrl48ETMQ==",
			"dev": true,
			"requires": {
				"@prague/container-definitions": "^0.5.7979",
				"@prague/gitresources": "^0.5.7979",
				"debug": "^4.1.1",
				"lodash": "^4.17.11",
				"performance-now": "^2.1.0",
				"sha.js": "^2.4.11"
			},
			"dependencies": {
				"@prague/container-definitions": {
					"version": "0.5.7979",
					"resolved": "https://packages.wu2.prague.office-int.com/@prague%2fcontainer-definitions/-/container-definitions-0.5.7979.tgz",
					"integrity": "sha512-/u4767z3sBMdCkMzo/A0bPd0M5S1j/hzRH4g8Dv06WFPtHlbzDtHxitF41vfT270EHtrZzQzEs+OcW8+N29Hog==",
					"dev": true,
					"requires": {
						"debug": "^4.1.1"
					}
				},
				"debug": {
					"version": "4.1.1",
					"resolved": "https://packages.wu2.prague.office-int.com/debug/-/debug-4.1.1.tgz",
					"integrity": "sha512-pYAIzeRo8J6KPEaJ0VWOh5Pzkbw/RetuzehGM7QRRX5he4fPHx2rdKMB256ehJCkX+XRQm16eZLqLNS8RSZXZw==",
					"dev": true,
					"requires": {
						"ms": "^2.1.1"
					}
				},
				"lodash": {
					"version": "4.17.11",
					"resolved": "https://packages.wu2.prague.office-int.com/lodash/-/lodash-4.17.11.tgz",
					"integrity": "sha512-cQKh8igo5QUhZ7lg38DYWAxMvjSAKG0A8wGSVimP07SIUEK2UO+arSRKbRZWtelMtN5V0Hkwh5ryOto/SshYIg==",
					"dev": true
				}
			}
		},
		"@types/node": {
			"version": "10.14.9",
			"resolved": "https://packages.wu2.prague.office-int.com/@types%2fnode/-/node-10.14.9.tgz",
			"integrity": "sha512-NelG/dSahlXYtSoVPErrp06tYFrvzj8XLWmKA+X8x0W//4MqbUyZu++giUG/v0bjAT6/Qxa8IjodrfdACyb0Fg==",
			"dev": true
		},
		"axios": {
			"version": "0.18.1",
			"resolved": "https://packages.wu2.prague.office-int.com/axios/-/axios-0.18.1.tgz",
			"integrity": "sha512-0BfJq4NSfQXd+SkFdrvFbG7addhYSBA2mQwISr46pD6E5iqkWg02RAs8vyTT/j0RTnoYmeXauBuSv1qKwR179g==",
			"dev": true,
			"requires": {
				"follow-redirects": "1.5.10",
				"is-buffer": "^2.0.2"
			}
		},
		"follow-redirects": {
			"version": "1.5.10",
			"resolved": "https://packages.wu2.prague.office-int.com/follow-redirects/-/follow-redirects-1.5.10.tgz",
			"integrity": "sha512-0V5l4Cizzvqt5D44aTXbFZz+FtyXV1vrDN6qrelxtfYQKW0KO0W2T/hkE8xvGa/540LkZlkaUjO4ailYTFtHVQ==",
			"dev": true,
			"requires": {
				"debug": "=3.1.0"
			},
			"dependencies": {
				"debug": {
					"version": "3.1.0",
					"resolved": "https://packages.wu2.prague.office-int.com/debug/-/debug-3.1.0.tgz",
					"integrity": "sha512-OX8XqP7/1a9cqkxYw2yXss15f26NKWBpDXQd0/uK/KPqdQhxbPa994hnzjcE2VqQpDslf55723cKPUOGSmMY3g==",
					"dev": true,
					"requires": {
						"ms": "2.0.0"
					}
				},
				"ms": {
					"version": "2.0.0",
					"resolved": "https://packages.wu2.prague.office-int.com/ms/-/ms-2.0.0.tgz",
					"integrity": "sha1-VgiurfwAvmwpAd9fmGF4jeDVl8g=",
					"dev": true
				}
			}
		},
		"inherits": {
			"version": "2.0.4",
			"resolved": "https://packages.wu2.prague.office-int.com/inherits/-/inherits-2.0.4.tgz",
			"integrity": "sha512-k/vGaX4/Yla3WzyMCvTQOXYeIHvqOKtnqBduzTHpzpQZzAskKMhZ2K+EnBiSM9zGSoIFeMpXKxa4dYeZIQqewQ==",
			"dev": true
		},
		"is-buffer": {
			"version": "2.0.3",
			"resolved": "https://packages.wu2.prague.office-int.com/is-buffer/-/is-buffer-2.0.3.tgz",
			"integrity": "sha512-U15Q7MXTuZlrbymiz95PJpZxu8IlipAp4dtS3wOdgPXx3mqBnslrWU14kxfHB+Py/+2PVKSr37dMAgM2A4uArw==",
			"dev": true
		},
		"ms": {
			"version": "2.1.2",
			"resolved": "https://packages.wu2.prague.office-int.com/ms/-/ms-2.1.2.tgz",
			"integrity": "sha512-sGkPx+VjMtmA6MX27oA4FBFELFCZZ4S4XqeGOXCv68tT+jb3vk/RyaKWP0PTKyWtmLSM0b+adUTEvbs1PEaH2w==",
			"dev": true
		},
		"performance-now": {
			"version": "2.1.0",
			"resolved": "https://packages.wu2.prague.office-int.com/performance-now/-/performance-now-2.1.0.tgz",
			"integrity": "sha1-Ywn04OX6kT7BxpMHrjZLSzd8nns=",
			"dev": true
		},
		"safe-buffer": {
			"version": "5.1.2",
			"resolved": "https://packages.wu2.prague.office-int.com/safe-buffer/-/safe-buffer-5.1.2.tgz",
			"integrity": "sha512-Gd2UZBJDkXlY7GbJxfsE8/nvKkUEU1G38c1siN6QP6a9PT9MmHB8GnpscSmMJSoF8LOIrt8ud/wPtojys4G6+g==",
			"dev": true
		},
		"sha.js": {
			"version": "2.4.11",
			"resolved": "https://packages.wu2.prague.office-int.com/sha.js/-/sha.js-2.4.11.tgz",
			"integrity": "sha512-QMEp5B7cftE7APOjk5Y6xgrbWu+WkLVQwk8JNjZ8nKRciZaByEW6MubieAiToS7+dwvrjGhH8jRXz3MVd0AYqQ==",
			"dev": true,
			"requires": {
				"inherits": "^2.0.1",
				"safe-buffer": "^5.0.1"
			}
		},
		"tslint-microsoft-contrib": {
			"version": "6.0.0",
			"resolved": "https://registry.npmjs.org/tslint-microsoft-contrib/-/tslint-microsoft-contrib-6.0.0.tgz",
			"integrity": "sha512-R//efwn+34IUjTJeYgNDAJdzG0jyLWIehygPt/PHuZAieTolFVS56FgeFW7DOLap9ghXzMiFPTmDgm54qaL7QA==",
			"dev": true,
			"requires": {
				"tsutils": "^2.27.2 <2.29.0"
			},
			"dependencies": {
				"tslib": {
					"version": "1.9.3",
					"resolved": "https://registry.npmjs.org/tslib/-/tslib-1.9.3.tgz",
					"integrity": "sha512-4krF8scpejhaOgqzBEcGM7yDIEfi0/8+8zDRZhNZZ2kjmHJ4hv3zCbQWxoJGz1iw5U0Jl0nma13xzHXcncMavQ==",
					"dev": true
				},
				"tsutils": {
					"version": "2.28.0",
					"resolved": "https://registry.npmjs.org/tsutils/-/tsutils-2.28.0.tgz",
					"integrity": "sha512-bh5nAtW0tuhvOJnx1GLRn5ScraRLICGyJV5wJhtRWOLsxW70Kk5tZtpK3O/hW6LDnqKS9mlUMPZj9fEMJ0gxqA==",
					"dev": true,
					"requires": {
						"tslib": "^1.8.1"
					}
				}
			}
		},
		"uuid": {
			"version": "3.3.2",
			"resolved": "https://packages.wu2.prague.office-int.com/uuid/-/uuid-3.3.2.tgz",
			"integrity": "sha512-yXJmeNaw3DnnKAOKJE51sL/ZaYfWJRl1pK9dr19YFCu0ObS231AB1/LbqTKRAQ5kw8A90rA6fr4riOUpTZvQZA==",
			"dev": true
		}
	}
}
