{
	"name": "@prague/odsp-utils",
	"version": "0.4.0",
	"lockfileVersion": 1,
	"requires": true,
	"dependencies": {
		"tslint-microsoft-contrib": {
			"version": "6.1.1",
			"resolved": "https://registry.npmjs.org/tslint-microsoft-contrib/-/tslint-microsoft-contrib-6.1.1.tgz",
			"integrity": "sha512-u6tK+tgt8Z1YRJxe4kpWWEx/6FTFxdga50+osnANifsfC7BMzh8c/t/XbNntTRiwMfpHkQ9xtUjizCDLxN1Yeg==",
			"dev": true,
			"requires": {
				"tsutils": "^2.27.2 <2.29.0"
			},
			"dependencies": {
				"tslib": {
					"version": "1.9.3",
					"resolved": "https://registry.npmjs.org/tslib/-/tslib-1.9.3.tgz",
					"integrity": "sha512-4krF8scpejhaOgqzBEcGM7yDIEfi0/8+8zDRZhNZZ2kjmHJ4hv3zCbQWxoJGz1iw5U0Jl0nma13xzHXcncMavQ==",
					"dev": true
				},
				"tsutils": {
					"version": "2.28.0",
					"resolved": "https://registry.npmjs.org/tsutils/-/tsutils-2.28.0.tgz",
					"integrity": "sha512-bh5nAtW0tuhvOJnx1GLRn5ScraRLICGyJV5wJhtRWOLsxW70Kk5tZtpK3O/hW6LDnqKS9mlUMPZj9fEMJ0gxqA==",
					"dev": true,
					"requires": {
						"tslib": "^1.8.1"
					}
				}
			}
		}
	}
}
