dependencies:
- name: minio
  repository: https://kubernetes-charts.storage.googleapis.com
  version: 0.1.5
- name: redis
  repository: https://kubernetes-charts.storage.googleapis.com
  version: 0.9.0
- name: rabbitmq
  repository: https://kubernetes-charts.storage.googleapis.com
  version: 0.6.3
- name: mongodb
  repository: https://kubernetes-charts.storage.googleapis.com
  version: 0.4.15
digest: sha256:abd4187e5ec07004a5eaad7f14dd1aeceb2900fadb94bb5b131c09297567066d
generated: 2017-08-30T20:34:22.345724778-07:00
