{
	"name": "@fluid-example/spaces",
	"version": "0.13.0",
	"lockfileVersion": 1,
	"requires": true,
	"dependencies": {
		"css-loader": {
			"version": "3.4.2",
			"resolved": "https://registry.npmjs.org/css-loader/-/css-loader-3.4.2.tgz",
			"integrity": "sha512-jYq4zdZT0oS0Iykt+fqnzVLRIeiPWhka+7BqPn+oSIpWJAHak5tmB/WZrJ2a21JhCeFyNnnlroSl8c+MtVndzA==",
			"dev": true,
			"requires": {
				"camelcase": "^5.3.1",
				"cssesc": "^3.0.0",
				"icss-utils": "^4.1.1",
				"loader-utils": "^1.2.3",
				"normalize-path": "^3.0.0",
				"postcss": "^7.0.23",
				"postcss-modules-extract-imports": "^2.0.0",
				"postcss-modules-local-by-default": "^3.0.2",
				"postcss-modules-scope": "^2.1.1",
				"postcss-modules-values": "^3.0.0",
				"postcss-value-parser": "^4.0.2",
				"schema-utils": "^2.6.0"
			},
			"dependencies": {
				"ajv": {
					"version": "6.10.2",
					"resolved": "https://registry.npmjs.org/ajv/-/ajv-6.10.2.tgz",
					"integrity": "sha512-TXtUUEYHuaTEbLZWIKUr5pmBuhDLy+8KYtPYdcV8qC+pOZL+NKqYwvWSRrVXHn+ZmRRAu8vJTAznH7Oag6RVRw==",
					"dev": true,
					"requires": {
						"fast-deep-equal": "^2.0.1",
						"fast-json-stable-stringify": "^2.0.0",
						"json-schema-traverse": "^0.4.1",
						"uri-js": "^4.2.2"
					}
				},
				"ajv-keywords": {
					"version": "3.4.1",
					"resolved": "https://registry.npmjs.org/ajv-keywords/-/ajv-keywords-3.4.1.tgz",
					"integrity": "sha512-RO1ibKvd27e6FEShVFfPALuHI3WjSVNeK5FIsmme/LYRNxjKuNj+Dt7bucLa6NdSv3JcVTyMlm9kGR84z1XpaQ==",
					"dev": true
				},
				"ansi-styles": {
					"version": "3.2.1",
					"resolved": "https://registry.npmjs.org/ansi-styles/-/ansi-styles-3.2.1.tgz",
					"integrity": "sha512-VT0ZI6kZRdTh8YyJw3SMbYm/u+NqfsAxEpWO0Pf9sq8/e94WxxOpPKx9FR1FlyCtOVDNOQ+8ntlqFxiRc+r5qA==",
					"dev": true,
					"requires": {
						"color-convert": "^1.9.0"
					}
				},
				"big.js": {
					"version": "5.2.2",
					"resolved": "https://registry.npmjs.org/big.js/-/big.js-5.2.2.tgz",
					"integrity": "sha512-vyL2OymJxmarO8gxMr0mhChsO9QGwhynfuu4+MHTAW6czfq9humCB7rKpUjDd9YUiDPU4mzpyupFSvOClAwbmQ==",
					"dev": true
				},
				"camelcase": {
					"version": "5.3.1",
					"resolved": "https://registry.npmjs.org/camelcase/-/camelcase-5.3.1.tgz",
					"integrity": "sha512-L28STB170nwWS63UjtlEOE3dldQApaJXZkOI1uMFfzf3rRuPegHaHesyee+YxQ+W6SvRDQV6UrdOdRiR153wJg==",
					"dev": true
				},
				"chalk": {
					"version": "2.4.2",
					"resolved": "https://registry.npmjs.org/chalk/-/chalk-2.4.2.tgz",
					"integrity": "sha512-Mti+f9lpJNcwF4tWV8/OrTTtF1gZi+f8FqlyAdouralcFWFQWF2+NgCHShjkCb+IFBLq9buZwE1xckQU4peSuQ==",
					"dev": true,
					"requires": {
						"ansi-styles": "^3.2.1",
						"escape-string-regexp": "^1.0.5",
						"supports-color": "^5.3.0"
					},
					"dependencies": {
						"supports-color": {
							"version": "5.5.0",
							"resolved": "https://registry.npmjs.org/supports-color/-/supports-color-5.5.0.tgz",
							"integrity": "sha512-QjVjwdXIt408MIiAqCX4oUKsgU2EqAGzs2Ppkm4aQYbjm+ZEWEcW4SfFNTr4uMNZma0ey4f5lgLrkB0aX0QMow==",
							"dev": true,
							"requires": {
								"has-flag": "^3.0.0"
							}
						}
					}
				},
				"color-convert": {
					"version": "1.9.3",
					"resolved": "https://registry.npmjs.org/color-convert/-/color-convert-1.9.3.tgz",
					"integrity": "sha512-QfAUtd+vFdAtFQcC8CCyYt1fYWxSqAiK2cSD6zDB8N3cpsEBAvRxp9zOGg6G/SHHJYAT88/az/IuDGALsNVbGg==",
					"dev": true,
					"requires": {
						"color-name": "1.1.3"
					}
				},
				"color-name": {
					"version": "1.1.3",
					"resolved": "https://registry.npmjs.org/color-name/-/color-name-1.1.3.tgz",
					"integrity": "sha1-p9BVi9icQveV3UIyj3QIMcpTvCU=",
					"dev": true
				},
				"cssesc": {
					"version": "3.0.0",
					"resolved": "https://registry.npmjs.org/cssesc/-/cssesc-3.0.0.tgz",
					"integrity": "sha512-/Tb/JcjK111nNScGob5MNtsntNM1aCNUDipB/TkwZFhyDrrE47SOx/18wF2bbjgc3ZzCSKW1T5nt5EbFoAz/Vg==",
					"dev": true
				},
				"emojis-list": {
					"version": "2.1.0",
					"resolved": "https://registry.npmjs.org/emojis-list/-/emojis-list-2.1.0.tgz",
					"integrity": "sha1-TapNnbAPmBmIDHn6RXrlsJof04k=",
					"dev": true
				},
				"escape-string-regexp": {
					"version": "1.0.5",
					"resolved": "https://registry.npmjs.org/escape-string-regexp/-/escape-string-regexp-1.0.5.tgz",
					"integrity": "sha1-G2HAViGQqN/2rjuyzwIAyhMLhtQ=",
					"dev": true
				},
				"fast-deep-equal": {
					"version": "2.0.1",
					"resolved": "https://registry.npmjs.org/fast-deep-equal/-/fast-deep-equal-2.0.1.tgz",
					"integrity": "sha1-ewUhjd+WZ79/Nwv3/bLLFf3Qqkk=",
					"dev": true
				},
				"fast-json-stable-stringify": {
					"version": "2.1.0",
					"resolved": "https://registry.npmjs.org/fast-json-stable-stringify/-/fast-json-stable-stringify-2.1.0.tgz",
					"integrity": "sha512-lhd/wF+Lk98HZoTCtlVraHtfh5XYijIjalXck7saUtuanSDyLMxnHhSXEDJqHxD7msR8D0uCmqlkwjCV8xvwHw==",
					"dev": true
				},
				"has-flag": {
					"version": "3.0.0",
					"resolved": "https://registry.npmjs.org/has-flag/-/has-flag-3.0.0.tgz",
					"integrity": "sha1-tdRU3CGZriJWmfNGfloH87lVuv0=",
					"dev": true
				},
				"icss-utils": {
					"version": "4.1.1",
					"resolved": "https://registry.npmjs.org/icss-utils/-/icss-utils-4.1.1.tgz",
					"integrity": "sha512-4aFq7wvWyMHKgxsH8QQtGpvbASCf+eM3wPRLI6R+MgAnTCZ6STYsRvttLvRWK0Nfif5piF394St3HeJDaljGPA==",
					"dev": true,
					"requires": {
						"postcss": "^7.0.14"
					}
				},
				"indexes-of": {
					"version": "1.0.1",
					"resolved": "https://registry.npmjs.org/indexes-of/-/indexes-of-1.0.1.tgz",
					"integrity": "sha1-8w9xbI4r00bHtn0985FVZqfAVgc=",
					"dev": true
				},
				"json-schema-traverse": {
					"version": "0.4.1",
					"resolved": "https://registry.npmjs.org/json-schema-traverse/-/json-schema-traverse-0.4.1.tgz",
					"integrity": "sha512-xbbCH5dCYU5T8LcEhhuh7HJ88HXuW3qsI3Y0zOZFKfZEHcpWiHU/Jxzk629Brsab/mMiHQti9wMP+845RPe3Vg==",
					"dev": true
				},
				"json5": {
					"version": "1.0.1",
					"resolved": "https://registry.npmjs.org/json5/-/json5-1.0.1.tgz",
					"integrity": "sha512-aKS4WQjPenRxiQsC93MNfjx+nbF4PAdYzmd/1JIj8HYzqfbu86beTuNgXDzPknWk0n0uARlyewZo4s++ES36Ow==",
					"dev": true,
					"requires": {
						"minimist": "^1.2.0"
					}
				},
				"loader-utils": {
					"version": "1.2.3",
					"resolved": "https://registry.npmjs.org/loader-utils/-/loader-utils-1.2.3.tgz",
					"integrity": "sha512-fkpz8ejdnEMG3s37wGL07iSBDg99O9D5yflE9RGNH3hRdx9SOwYfnGYdZOUIZitN8E+E2vkq3MUMYMvPYl5ZZA==",
					"dev": true,
					"requires": {
						"big.js": "^5.2.2",
						"emojis-list": "^2.0.0",
						"json5": "^1.0.1"
					}
				},
				"minimist": {
					"version": "1.2.0",
					"resolved": "https://registry.npmjs.org/minimist/-/minimist-1.2.0.tgz",
					"integrity": "sha1-o1AIsg9BOD7sH7kU9M1d95omQoQ=",
					"dev": true
				},
				"normalize-path": {
					"version": "3.0.0",
					"resolved": "https://registry.npmjs.org/normalize-path/-/normalize-path-3.0.0.tgz",
					"integrity": "sha512-6eZs5Ls3WtCisHWp9S2GUy8dqkpGi4BVSz3GaqiE6ezub0512ESztXUwUB6C6IKbQkY2Pnb/mD4WYojCRwcwLA==",
					"dev": true
				},
				"postcss": {
					"version": "7.0.26",
					"resolved": "https://registry.npmjs.org/postcss/-/postcss-7.0.26.tgz",
					"integrity": "sha512-IY4oRjpXWYshuTDFxMVkJDtWIk2LhsTlu8bZnbEJA4+bYT16Lvpo8Qv6EvDumhYRgzjZl489pmsY3qVgJQ08nA==",
					"dev": true,
					"requires": {
						"chalk": "^2.4.2",
						"source-map": "^0.6.1",
						"supports-color": "^6.1.0"
					}
				},
				"postcss-modules-extract-imports": {
					"version": "2.0.0",
					"resolved": "https://registry.npmjs.org/postcss-modules-extract-imports/-/postcss-modules-extract-imports-2.0.0.tgz",
					"integrity": "sha512-LaYLDNS4SG8Q5WAWqIJgdHPJrDDr/Lv775rMBFUbgjTz6j34lUznACHcdRWroPvXANP2Vj7yNK57vp9eFqzLWQ==",
					"dev": true,
					"requires": {
						"postcss": "^7.0.5"
					}
				},
				"postcss-modules-local-by-default": {
					"version": "3.0.2",
					"resolved": "https://registry.npmjs.org/postcss-modules-local-by-default/-/postcss-modules-local-by-default-3.0.2.tgz",
					"integrity": "sha512-jM/V8eqM4oJ/22j0gx4jrp63GSvDH6v86OqyTHHUvk4/k1vceipZsaymiZ5PvocqZOl5SFHiFJqjs3la0wnfIQ==",
					"dev": true,
					"requires": {
						"icss-utils": "^4.1.1",
						"postcss": "^7.0.16",
						"postcss-selector-parser": "^6.0.2",
						"postcss-value-parser": "^4.0.0"
					}
				},
				"postcss-modules-scope": {
					"version": "2.1.1",
					"resolved": "https://registry.npmjs.org/postcss-modules-scope/-/postcss-modules-scope-2.1.1.tgz",
					"integrity": "sha512-OXRUPecnHCg8b9xWvldG/jUpRIGPNRka0r4D4j0ESUU2/5IOnpsjfPPmDprM3Ih8CgZ8FXjWqaniK5v4rWt3oQ==",
					"dev": true,
					"requires": {
						"postcss": "^7.0.6",
						"postcss-selector-parser": "^6.0.0"
					}
				},
				"postcss-modules-values": {
					"version": "3.0.0",
					"resolved": "https://registry.npmjs.org/postcss-modules-values/-/postcss-modules-values-3.0.0.tgz",
					"integrity": "sha512-1//E5jCBrZ9DmRX+zCtmQtRSV6PV42Ix7Bzj9GbwJceduuf7IqP8MgeTXuRDHOWj2m0VzZD5+roFWDuU8RQjcg==",
					"dev": true,
					"requires": {
						"icss-utils": "^4.0.0",
						"postcss": "^7.0.6"
					}
				},
				"postcss-selector-parser": {
					"version": "6.0.2",
					"resolved": "https://registry.npmjs.org/postcss-selector-parser/-/postcss-selector-parser-6.0.2.tgz",
					"integrity": "sha512-36P2QR59jDTOAiIkqEprfJDsoNrvwFei3eCqKd1Y0tUsBimsq39BLp7RD+JWny3WgB1zGhJX8XVePwm9k4wdBg==",
					"dev": true,
					"requires": {
						"cssesc": "^3.0.0",
						"indexes-of": "^1.0.1",
						"uniq": "^1.0.1"
					}
				},
				"postcss-value-parser": {
					"version": "4.0.2",
					"resolved": "https://registry.npmjs.org/postcss-value-parser/-/postcss-value-parser-4.0.2.tgz",
					"integrity": "sha512-LmeoohTpp/K4UiyQCwuGWlONxXamGzCMtFxLq4W1nZVGIQLYvMCJx3yAF9qyyuFpflABI9yVdtJAqbihOsCsJQ==",
					"dev": true
				},
				"punycode": {
					"version": "2.1.1",
					"resolved": "https://registry.npmjs.org/punycode/-/punycode-2.1.1.tgz",
					"integrity": "sha512-XRsRjdf+j5ml+y/6GKHPZbrF/8p2Yga0JPtdqTIY2Xe5ohJPD9saDJJLPvp9+NSBprVvevdXZybnj2cv8OEd0A==",
					"dev": true
				},
				"schema-utils": {
					"version": "2.6.4",
					"resolved": "https://registry.npmjs.org/schema-utils/-/schema-utils-2.6.4.tgz",
					"integrity": "sha512-VNjcaUxVnEeun6B2fiiUDjXXBtD4ZSH7pdbfIu1pOFwgptDPLMo/z9jr4sUfsjFVPqDCEin/F7IYlq7/E6yDbQ==",
					"dev": true,
					"requires": {
						"ajv": "^6.10.2",
						"ajv-keywords": "^3.4.1"
					}
				},
				"source-map": {
					"version": "0.6.1",
					"resolved": "https://registry.npmjs.org/source-map/-/source-map-0.6.1.tgz",
					"integrity": "sha512-UjgapumWlbMhkBgzT7Ykc5YXUT46F0iKu8SGXq0bcwP5dz/h0Plj6enJqjz1Zbq2l5WaqYnrVbwWOWMyF3F47g==",
					"dev": true
				},
				"supports-color": {
					"version": "6.1.0",
					"resolved": "https://registry.npmjs.org/supports-color/-/supports-color-6.1.0.tgz",
					"integrity": "sha512-qe1jfm1Mg7Nq/NSh6XE24gPXROEVsWHxC1LIx//XNlD9iw7YZQGjZNjYN7xGaEG6iKdA8EtNFW6R0gjnVXp+wQ==",
					"dev": true,
					"requires": {
						"has-flag": "^3.0.0"
					}
				},
				"uniq": {
					"version": "1.0.1",
					"resolved": "https://registry.npmjs.org/uniq/-/uniq-1.0.1.tgz",
					"integrity": "sha1-sxxa6CVIRKOoKBVBzisEuGWnNP8=",
					"dev": true
				},
				"uri-js": {
					"version": "4.2.2",
					"resolved": "https://registry.npmjs.org/uri-js/-/uri-js-4.2.2.tgz",
					"integrity": "sha512-KY9Frmirql91X2Qgjry0Wd4Y+YTdrdZheS8TFwvkbLWf/G5KNJDCh6pKL5OZctEW4+0Baa5idK2ZQuELRwPznQ==",
					"dev": true,
					"requires": {
						"punycode": "^2.1.0"
					}
				}
			}
		},
		"office-ui-fabric-react": {
			"version": "7.82.2",
			"resolved": "https://registry.npmjs.org/office-ui-fabric-react/-/office-ui-fabric-react-7.82.2.tgz",
			"integrity": "sha512-c0AFNidocQHWjm/xwAzJk5DbmVKEUbgj38G+/51SpOrzzhaVkkSQqMhrDvrqpzqAvfbZEgTYXz/7YtOWounm9Q==",
			"requires": {
				"@microsoft/load-themed-styles": "^1.10.26",
				"@uifabric/foundation": "^7.5.1",
				"@uifabric/icons": "^7.3.0",
				"@uifabric/merge-styles": "^7.8.1",
				"@uifabric/react-hooks": "^7.0.1",
				"@uifabric/set-version": "^7.0.2",
				"@uifabric/styling": "^7.10.0",
				"@uifabric/utilities": "^7.11.1",
				"prop-types": "^15.5.10",
				"tslib": "^1.7.1"
			},
			"dependencies": {
				"@microsoft/load-themed-styles": {
					"version": "1.10.31",
					"resolved": "https://registry.npmjs.org/@microsoft/load-themed-styles/-/load-themed-styles-1.10.31.tgz",
					"integrity": "sha512-+DT6/kBHX2e06CXHgLDfgVZGoAFP9pGiyggcBfeUdJkDx/skcW1/6RFRtuQtfqW8hTBRKRyADiQoler6igalpw=="
				},
				"@uifabric/foundation": {
					"version": "7.5.1",
					"resolved": "https://registry.npmjs.org/@uifabric/foundation/-/foundation-7.5.1.tgz",
					"integrity": "sha512-YAu6y5VPJogME64ykUvDlifze7/1ngSkKiaCmxFTlHAl0wG7IF+kXPVrOMMcWbPD73CSaO0DZB9c19R2BjZm8A==",
					"requires": {
						"@uifabric/merge-styles": "^7.8.1",
						"@uifabric/set-version": "^7.0.2",
						"@uifabric/styling": "^7.10.0",
						"@uifabric/utilities": "^7.11.1",
						"tslib": "^1.7.1"
					}
				},
				"@uifabric/icons": {
					"version": "7.3.0",
					"resolved": "https://registry.npmjs.org/@uifabric/icons/-/icons-7.3.0.tgz",
					"integrity": "sha512-wbcR8fJce20sPjsK2bbTC/cAZfAOFuE4dd4LHw194+8H+/dqotsowrQVp5Lu8aaHGQk+fXoiZmUy30WA9cAG4Q==",
					"requires": {
						"@uifabric/set-version": "^7.0.2",
						"@uifabric/styling": "^7.7.1",
						"tslib": "^1.7.1"
					}
				},
				"@uifabric/merge-styles": {
					"version": "7.8.1",
					"resolved": "https://registry.npmjs.org/@uifabric/merge-styles/-/merge-styles-7.8.1.tgz",
					"integrity": "sha512-DJBXNsYfrYQ3wCjOE197JqXTkqwfPlGJhQkhYMBwO76ovKBQyJxT8m6NL8og5F9blnIBdCJPrvRUz/21/WlUGg==",
					"requires": {
						"@uifabric/set-version": "^7.0.2",
						"tslib": "^1.7.1"
					}
				},
				"@uifabric/react-hooks": {
					"version": "7.0.1",
					"resolved": "https://registry.npmjs.org/@uifabric/react-hooks/-/react-hooks-7.0.1.tgz",
					"integrity": "sha512-cIr/ToLvc48D7A+XJrH/rHmSa/YmonvyFGHykFqHKiFSYiGKvc50GIyRJ/gkOUDuaaYVThWRwBQNOIMr3iFCYA==",
					"requires": {
						"@uifabric/set-version": "^7.0.2",
						"@uifabric/utilities": "^7.0.10",
						"tslib": "^1.7.1"
					}
				},
				"@uifabric/set-version": {
					"version": "7.0.2",
					"resolved": "https://registry.npmjs.org/@uifabric/set-version/-/set-version-7.0.2.tgz",
					"integrity": "sha512-3mQp7gqPOqphwX74j+N/lJEFeivKPv8ryY9QFXUxVPnrXNwpIkDW9Wk6CPqArzgGvQngRRKYD/PcyP5iuHN52A==",
					"requires": {
						"tslib": "^1.7.1"
					}
				},
				"@uifabric/styling": {
					"version": "7.10.0",
					"resolved": "https://registry.npmjs.org/@uifabric/styling/-/styling-7.10.0.tgz",
					"integrity": "sha512-Yr5YqxfRMtJ1TIw/oNIKsI2aoWrPHUWGwJdfz5VZ0cbPwJSVgIDMmORdktuFJmd51C765FS2Lp+Nf16cOuacFw==",
					"requires": {
						"@microsoft/load-themed-styles": "^1.10.26",
						"@uifabric/merge-styles": "^7.8.1",
						"@uifabric/set-version": "^7.0.2",
						"@uifabric/utilities": "^7.10.0",
						"tslib": "^1.7.1"
					}
				},
				"@uifabric/utilities": {
					"version": "7.11.1",
					"resolved": "https://registry.npmjs.org/@uifabric/utilities/-/utilities-7.11.1.tgz",
					"integrity": "sha512-fIyTgDvI1hiDPIxz8wBehcHiCOJJ4r9Ph5SV1KkHKxX0R+5Mggi7vtDcwDs8qvbdv6G9rdi4dpRMaicprd3JOw==",
					"requires": {
						"@uifabric/merge-styles": "^7.8.1",
						"@uifabric/set-version": "^7.0.2",
						"prop-types": "^15.5.10",
						"tslib": "^1.7.1"
					}
				},
				"js-tokens": {
					"version": "4.0.0",
					"resolved": "https://registry.npmjs.org/js-tokens/-/js-tokens-4.0.0.tgz",
					"integrity": "sha512-RdJUflcE3cUzKiMqQgsCu06FPu9UdIJO0beYbPhHN4k6apgJtifcoCtT9bcxOpYBtpD2kCM6Sbzg4CausW/PKQ=="
				},
				"loose-envify": {
					"version": "1.4.0",
					"resolved": "https://registry.npmjs.org/loose-envify/-/loose-envify-1.4.0.tgz",
					"integrity": "sha512-lyuxPGr/Wfhrlem2CL/UcnUc1zcqKAImBDzukY7Y5F/yQiNdko6+fRLevlw1HgMySw7f611UIY408EtxRSoK3Q==",
					"requires": {
						"js-tokens": "^3.0.0 || ^4.0.0"
					}
				},
				"object-assign": {
					"version": "4.1.1",
					"resolved": "https://registry.npmjs.org/object-assign/-/object-assign-4.1.1.tgz",
					"integrity": "sha1-IQmtx5ZYh8/AXLvUQsrIv7s2CGM="
				},
				"prop-types": {
					"version": "15.7.2",
					"resolved": "https://registry.npmjs.org/prop-types/-/prop-types-15.7.2.tgz",
					"integrity": "sha512-8QQikdH7//R2vurIJSutZ1smHYTcLpRWEOlHnzcWHmBYrOGUysKwSsrC89BCiFj3CbrfJ/nXFdJepOVrY1GCHQ==",
					"requires": {
						"loose-envify": "^1.4.0",
						"object-assign": "^4.1.1",
						"react-is": "^16.8.1"
					}
				},
				"react-is": {
					"version": "16.12.0",
					"resolved": "https://registry.npmjs.org/react-is/-/react-is-16.12.0.tgz",
					"integrity": "sha512-rPCkf/mWBtKc97aLL9/txD8DZdemK0vkA3JMLShjlJB3Pj3s+lpf1KaBzMfQrAmhMQB0n1cU/SUGgKKBCe837Q=="
				},
				"tslib": {
					"version": "1.10.0",
					"resolved": "https://registry.npmjs.org/tslib/-/tslib-1.10.0.tgz",
					"integrity": "sha512-qOebF53frne81cf0S9B41ByenJ3/IuH8yJKngAX35CmiZySA0khhkovshKK+jGCaMnVomla7gVlIcc3EvKPbTQ=="
				}
			}
		},
		"react": {
			"version": "16.12.0",
			"resolved": "https://registry.npmjs.org/react/-/react-16.12.0.tgz",
			"integrity": "sha512-fglqy3k5E+81pA8s+7K0/T3DBCF0ZDOher1elBFzF7O6arXJgzyu/FW+COxFvAWXJoJN9KIZbT2LXlukwphYTA==",
			"requires": {
				"loose-envify": "^1.1.0",
				"object-assign": "^4.1.1",
				"prop-types": "^15.6.2"
			},
			"dependencies": {
				"js-tokens": {
					"version": "4.0.0",
					"resolved": "https://registry.npmjs.org/js-tokens/-/js-tokens-4.0.0.tgz",
					"integrity": "sha512-RdJUflcE3cUzKiMqQgsCu06FPu9UdIJO0beYbPhHN4k6apgJtifcoCtT9bcxOpYBtpD2kCM6Sbzg4CausW/PKQ=="
				},
				"loose-envify": {
					"version": "1.4.0",
					"resolved": "https://registry.npmjs.org/loose-envify/-/loose-envify-1.4.0.tgz",
					"integrity": "sha512-lyuxPGr/Wfhrlem2CL/UcnUc1zcqKAImBDzukY7Y5F/yQiNdko6+fRLevlw1HgMySw7f611UIY408EtxRSoK3Q==",
					"requires": {
						"js-tokens": "^3.0.0 || ^4.0.0"
					}
				},
				"object-assign": {
					"version": "4.1.1",
					"resolved": "https://registry.npmjs.org/object-assign/-/object-assign-4.1.1.tgz",
					"integrity": "sha1-IQmtx5ZYh8/AXLvUQsrIv7s2CGM="
				},
				"prop-types": {
					"version": "15.7.2",
					"resolved": "https://registry.npmjs.org/prop-types/-/prop-types-15.7.2.tgz",
					"integrity": "sha512-8QQikdH7//R2vurIJSutZ1smHYTcLpRWEOlHnzcWHmBYrOGUysKwSsrC89BCiFj3CbrfJ/nXFdJepOVrY1GCHQ==",
					"requires": {
						"loose-envify": "^1.4.0",
						"object-assign": "^4.1.1",
						"react-is": "^16.8.1"
					}
				},
				"react-is": {
					"version": "16.12.0",
					"resolved": "https://registry.npmjs.org/react-is/-/react-is-16.12.0.tgz",
					"integrity": "sha512-rPCkf/mWBtKc97aLL9/txD8DZdemK0vkA3JMLShjlJB3Pj3s+lpf1KaBzMfQrAmhMQB0n1cU/SUGgKKBCe837Q=="
				}
			}
		},
		"react-dom": {
			"version": "16.12.0",
			"resolved": "https://registry.npmjs.org/react-dom/-/react-dom-16.12.0.tgz",
			"integrity": "sha512-LMxFfAGrcS3kETtQaCkTKjMiifahaMySFDn71fZUNpPHZQEzmk/GiAeIT8JSOrHB23fnuCOMruL2a8NYlw+8Gw==",
			"requires": {
				"loose-envify": "^1.1.0",
				"object-assign": "^4.1.1",
				"prop-types": "^15.6.2",
				"scheduler": "^0.18.0"
			},
			"dependencies": {
				"js-tokens": {
					"version": "4.0.0",
					"resolved": "https://registry.npmjs.org/js-tokens/-/js-tokens-4.0.0.tgz",
					"integrity": "sha512-RdJUflcE3cUzKiMqQgsCu06FPu9UdIJO0beYbPhHN4k6apgJtifcoCtT9bcxOpYBtpD2kCM6Sbzg4CausW/PKQ=="
				},
				"loose-envify": {
					"version": "1.4.0",
					"resolved": "https://registry.npmjs.org/loose-envify/-/loose-envify-1.4.0.tgz",
					"integrity": "sha512-lyuxPGr/Wfhrlem2CL/UcnUc1zcqKAImBDzukY7Y5F/yQiNdko6+fRLevlw1HgMySw7f611UIY408EtxRSoK3Q==",
					"requires": {
						"js-tokens": "^3.0.0 || ^4.0.0"
					}
				},
				"object-assign": {
					"version": "4.1.1",
					"resolved": "https://registry.npmjs.org/object-assign/-/object-assign-4.1.1.tgz",
					"integrity": "sha1-IQmtx5ZYh8/AXLvUQsrIv7s2CGM="
				},
				"prop-types": {
					"version": "15.7.2",
					"resolved": "https://registry.npmjs.org/prop-types/-/prop-types-15.7.2.tgz",
					"integrity": "sha512-8QQikdH7//R2vurIJSutZ1smHYTcLpRWEOlHnzcWHmBYrOGUysKwSsrC89BCiFj3CbrfJ/nXFdJepOVrY1GCHQ==",
					"requires": {
						"loose-envify": "^1.4.0",
						"object-assign": "^4.1.1",
						"react-is": "^16.8.1"
					}
				},
				"react-is": {
					"version": "16.12.0",
					"resolved": "https://registry.npmjs.org/react-is/-/react-is-16.12.0.tgz",
					"integrity": "sha512-rPCkf/mWBtKc97aLL9/txD8DZdemK0vkA3JMLShjlJB3Pj3s+lpf1KaBzMfQrAmhMQB0n1cU/SUGgKKBCe837Q=="
				},
				"scheduler": {
					"version": "0.18.0",
					"resolved": "https://registry.npmjs.org/scheduler/-/scheduler-0.18.0.tgz",
					"integrity": "sha512-agTSHR1Nbfi6ulI0kYNK0203joW2Y5W4po4l+v03tOoiJKpTBbxpNhWDvqc/4IcOw+KLmSiQLTasZ4cab2/UWQ==",
					"requires": {
						"loose-envify": "^1.1.0",
						"object-assign": "^4.1.1"
					}
				}
			}
		},
		"sass-loader": {
			"version": "8.0.2",
			"resolved": "https://registry.npmjs.org/sass-loader/-/sass-loader-8.0.2.tgz",
			"integrity": "sha512-7o4dbSK8/Ol2KflEmSco4jTjQoV988bM82P9CZdmo9hR3RLnvNc0ufMNdMrB0caq38JQ/FgF4/7RcbcfKzxoFQ==",
			"dev": true,
			"requires": {
				"clone-deep": "^4.0.1",
				"loader-utils": "^1.2.3",
				"neo-async": "^2.6.1",
				"schema-utils": "^2.6.1",
				"semver": "^6.3.0"
			},
			"dependencies": {
				"ajv": {
					"version": "6.10.2",
					"resolved": "https://registry.npmjs.org/ajv/-/ajv-6.10.2.tgz",
					"integrity": "sha512-TXtUUEYHuaTEbLZWIKUr5pmBuhDLy+8KYtPYdcV8qC+pOZL+NKqYwvWSRrVXHn+ZmRRAu8vJTAznH7Oag6RVRw==",
					"dev": true,
					"requires": {
						"fast-deep-equal": "^2.0.1",
						"fast-json-stable-stringify": "^2.0.0",
						"json-schema-traverse": "^0.4.1",
						"uri-js": "^4.2.2"
					}
				},
				"ajv-keywords": {
					"version": "3.4.1",
					"resolved": "https://registry.npmjs.org/ajv-keywords/-/ajv-keywords-3.4.1.tgz",
					"integrity": "sha512-RO1ibKvd27e6FEShVFfPALuHI3WjSVNeK5FIsmme/LYRNxjKuNj+Dt7bucLa6NdSv3JcVTyMlm9kGR84z1XpaQ==",
					"dev": true
				},
				"big.js": {
					"version": "5.2.2",
					"resolved": "https://registry.npmjs.org/big.js/-/big.js-5.2.2.tgz",
					"integrity": "sha512-vyL2OymJxmarO8gxMr0mhChsO9QGwhynfuu4+MHTAW6czfq9humCB7rKpUjDd9YUiDPU4mzpyupFSvOClAwbmQ==",
					"dev": true
				},
				"clone-deep": {
					"version": "4.0.1",
					"resolved": "https://registry.npmjs.org/clone-deep/-/clone-deep-4.0.1.tgz",
					"integrity": "sha512-neHB9xuzh/wk0dIHweyAXv2aPGZIVk3pLMe+/RNzINf17fe0OG96QroktYAUm7SM1PBnzTabaLboqqxDyMU+SQ==",
					"dev": true,
					"requires": {
						"is-plain-object": "^2.0.4",
						"kind-of": "^6.0.2",
						"shallow-clone": "^3.0.0"
					}
				},
				"emojis-list": {
					"version": "2.1.0",
					"resolved": "https://registry.npmjs.org/emojis-list/-/emojis-list-2.1.0.tgz",
					"integrity": "sha1-TapNnbAPmBmIDHn6RXrlsJof04k=",
					"dev": true
				},
				"fast-deep-equal": {
					"version": "2.0.1",
					"resolved": "https://registry.npmjs.org/fast-deep-equal/-/fast-deep-equal-2.0.1.tgz",
					"integrity": "sha1-ewUhjd+WZ79/Nwv3/bLLFf3Qqkk=",
					"dev": true
				},
				"fast-json-stable-stringify": {
					"version": "2.1.0",
					"resolved": "https://registry.npmjs.org/fast-json-stable-stringify/-/fast-json-stable-stringify-2.1.0.tgz",
					"integrity": "sha512-lhd/wF+Lk98HZoTCtlVraHtfh5XYijIjalXck7saUtuanSDyLMxnHhSXEDJqHxD7msR8D0uCmqlkwjCV8xvwHw==",
					"dev": true
				},
				"is-plain-object": {
					"version": "2.0.4",
					"resolved": "https://registry.npmjs.org/is-plain-object/-/is-plain-object-2.0.4.tgz",
					"integrity": "sha512-h5PpgXkWitc38BBMYawTYMWJHFZJVnBquFE57xFpjB8pJFiF6gZ+bU+WyI/yqXiFR5mdLsgYNaPe8uao6Uv9Og==",
					"dev": true,
					"requires": {
						"isobject": "^3.0.1"
					}
				},
				"isobject": {
					"version": "3.0.1",
					"resolved": "https://registry.npmjs.org/isobject/-/isobject-3.0.1.tgz",
					"integrity": "sha1-TkMekrEalzFjaqH5yNHMvP2reN8=",
					"dev": true
				},
				"json-schema-traverse": {
					"version": "0.4.1",
					"resolved": "https://registry.npmjs.org/json-schema-traverse/-/json-schema-traverse-0.4.1.tgz",
					"integrity": "sha512-xbbCH5dCYU5T8LcEhhuh7HJ88HXuW3qsI3Y0zOZFKfZEHcpWiHU/Jxzk629Brsab/mMiHQti9wMP+845RPe3Vg==",
					"dev": true
				},
				"json5": {
					"version": "1.0.1",
					"resolved": "https://registry.npmjs.org/json5/-/json5-1.0.1.tgz",
					"integrity": "sha512-aKS4WQjPenRxiQsC93MNfjx+nbF4PAdYzmd/1JIj8HYzqfbu86beTuNgXDzPknWk0n0uARlyewZo4s++ES36Ow==",
					"dev": true,
					"requires": {
						"minimist": "^1.2.0"
					}
				},
				"kind-of": {
					"version": "6.0.3",
					"resolved": "https://registry.npmjs.org/kind-of/-/kind-of-6.0.3.tgz",
					"integrity": "sha512-dcS1ul+9tmeD95T+x28/ehLgd9mENa3LsvDTtzm3vyBEO7RPptvAD+t44WVXaUjTBRcrpFeFlC8WCruUR456hw==",
					"dev": true
				},
				"loader-utils": {
					"version": "1.2.3",
					"resolved": "https://registry.npmjs.org/loader-utils/-/loader-utils-1.2.3.tgz",
					"integrity": "sha512-fkpz8ejdnEMG3s37wGL07iSBDg99O9D5yflE9RGNH3hRdx9SOwYfnGYdZOUIZitN8E+E2vkq3MUMYMvPYl5ZZA==",
					"dev": true,
					"requires": {
						"big.js": "^5.2.2",
						"emojis-list": "^2.0.0",
						"json5": "^1.0.1"
					}
				},
				"minimist": {
					"version": "1.2.0",
					"resolved": "https://registry.npmjs.org/minimist/-/minimist-1.2.0.tgz",
					"integrity": "sha1-o1AIsg9BOD7sH7kU9M1d95omQoQ=",
					"dev": true
				},
				"neo-async": {
					"version": "2.6.1",
					"resolved": "https://registry.npmjs.org/neo-async/-/neo-async-2.6.1.tgz",
					"integrity": "sha512-iyam8fBuCUpWeKPGpaNMetEocMt364qkCsfL9JuhjXX6dRnguRVOfk2GZaDpPjcOKiiXCPINZC1GczQ7iTq3Zw==",
					"dev": true
				},
				"punycode": {
					"version": "2.1.1",
					"resolved": "https://registry.npmjs.org/punycode/-/punycode-2.1.1.tgz",
					"integrity": "sha512-XRsRjdf+j5ml+y/6GKHPZbrF/8p2Yga0JPtdqTIY2Xe5ohJPD9saDJJLPvp9+NSBprVvevdXZybnj2cv8OEd0A==",
					"dev": true
				},
				"schema-utils": {
					"version": "2.6.4",
					"resolved": "https://registry.npmjs.org/schema-utils/-/schema-utils-2.6.4.tgz",
					"integrity": "sha512-VNjcaUxVnEeun6B2fiiUDjXXBtD4ZSH7pdbfIu1pOFwgptDPLMo/z9jr4sUfsjFVPqDCEin/F7IYlq7/E6yDbQ==",
					"dev": true,
					"requires": {
						"ajv": "^6.10.2",
						"ajv-keywords": "^3.4.1"
					}
				},
				"semver": {
					"version": "6.3.0",
					"resolved": "https://registry.npmjs.org/semver/-/semver-6.3.0.tgz",
					"integrity": "sha512-b39TBaTSfV6yBrapU89p5fKekE2m/NwnDocOVruQFS1/veMgdzuPcnOM34M6CwxW8jH/lxEa5rBoDeUwu5HHTw==",
					"dev": true
				},
				"shallow-clone": {
					"version": "3.0.1",
					"resolved": "https://registry.npmjs.org/shallow-clone/-/shallow-clone-3.0.1.tgz",
					"integrity": "sha512-/6KqX+GVUdqPuPPd2LxDDxzX6CAbjJehAAOKlNpqqUpAqPM6HeL8f+o3a+JsyGjn2lv0WY8UsTgUJjU9Ok55NA==",
					"dev": true,
					"requires": {
						"kind-of": "^6.0.2"
					}
				},
				"uri-js": {
					"version": "4.2.2",
					"resolved": "https://registry.npmjs.org/uri-js/-/uri-js-4.2.2.tgz",
					"integrity": "sha512-KY9Frmirql91X2Qgjry0Wd4Y+YTdrdZheS8TFwvkbLWf/G5KNJDCh6pKL5OZctEW4+0Baa5idK2ZQuELRwPznQ==",
					"dev": true,
					"requires": {
						"punycode": "^2.1.0"
					}
				}
			}
		},
		"url-loader": {
			"version": "2.3.0",
			"resolved": "https://registry.npmjs.org/url-loader/-/url-loader-2.3.0.tgz",
			"integrity": "sha512-goSdg8VY+7nPZKUEChZSEtW5gjbS66USIGCeSJ1OVOJ7Yfuh/36YxCwMi5HVEJh6mqUYOoy3NJ0vlOMrWsSHog==",
			"dev": true,
			"requires": {
				"loader-utils": "^1.2.3",
				"mime": "^2.4.4",
				"schema-utils": "^2.5.0"
			},
			"dependencies": {
				"ajv": {
					"version": "6.10.2",
					"resolved": "https://registry.npmjs.org/ajv/-/ajv-6.10.2.tgz",
					"integrity": "sha512-TXtUUEYHuaTEbLZWIKUr5pmBuhDLy+8KYtPYdcV8qC+pOZL+NKqYwvWSRrVXHn+ZmRRAu8vJTAznH7Oag6RVRw==",
					"dev": true,
					"requires": {
						"fast-deep-equal": "^2.0.1",
						"fast-json-stable-stringify": "^2.0.0",
						"json-schema-traverse": "^0.4.1",
						"uri-js": "^4.2.2"
					}
				},
				"ajv-keywords": {
					"version": "3.4.1",
					"resolved": "https://registry.npmjs.org/ajv-keywords/-/ajv-keywords-3.4.1.tgz",
					"integrity": "sha512-RO1ibKvd27e6FEShVFfPALuHI3WjSVNeK5FIsmme/LYRNxjKuNj+Dt7bucLa6NdSv3JcVTyMlm9kGR84z1XpaQ==",
					"dev": true
				},
				"big.js": {
					"version": "5.2.2",
					"resolved": "https://registry.npmjs.org/big.js/-/big.js-5.2.2.tgz",
					"integrity": "sha512-vyL2OymJxmarO8gxMr0mhChsO9QGwhynfuu4+MHTAW6czfq9humCB7rKpUjDd9YUiDPU4mzpyupFSvOClAwbmQ==",
					"dev": true
				},
				"emojis-list": {
					"version": "2.1.0",
					"resolved": "https://registry.npmjs.org/emojis-list/-/emojis-list-2.1.0.tgz",
					"integrity": "sha1-TapNnbAPmBmIDHn6RXrlsJof04k=",
					"dev": true
				},
				"fast-deep-equal": {
					"version": "2.0.1",
					"resolved": "https://registry.npmjs.org/fast-deep-equal/-/fast-deep-equal-2.0.1.tgz",
					"integrity": "sha1-ewUhjd+WZ79/Nwv3/bLLFf3Qqkk=",
					"dev": true
				},
				"fast-json-stable-stringify": {
					"version": "2.1.0",
					"resolved": "https://registry.npmjs.org/fast-json-stable-stringify/-/fast-json-stable-stringify-2.1.0.tgz",
					"integrity": "sha512-lhd/wF+Lk98HZoTCtlVraHtfh5XYijIjalXck7saUtuanSDyLMxnHhSXEDJqHxD7msR8D0uCmqlkwjCV8xvwHw==",
					"dev": true
				},
				"json-schema-traverse": {
					"version": "0.4.1",
					"resolved": "https://registry.npmjs.org/json-schema-traverse/-/json-schema-traverse-0.4.1.tgz",
					"integrity": "sha512-xbbCH5dCYU5T8LcEhhuh7HJ88HXuW3qsI3Y0zOZFKfZEHcpWiHU/Jxzk629Brsab/mMiHQti9wMP+845RPe3Vg==",
					"dev": true
				},
				"json5": {
					"version": "1.0.1",
					"resolved": "https://registry.npmjs.org/json5/-/json5-1.0.1.tgz",
					"integrity": "sha512-aKS4WQjPenRxiQsC93MNfjx+nbF4PAdYzmd/1JIj8HYzqfbu86beTuNgXDzPknWk0n0uARlyewZo4s++ES36Ow==",
					"dev": true,
					"requires": {
						"minimist": "^1.2.0"
					}
				},
				"loader-utils": {
					"version": "1.2.3",
					"resolved": "https://registry.npmjs.org/loader-utils/-/loader-utils-1.2.3.tgz",
					"integrity": "sha512-fkpz8ejdnEMG3s37wGL07iSBDg99O9D5yflE9RGNH3hRdx9SOwYfnGYdZOUIZitN8E+E2vkq3MUMYMvPYl5ZZA==",
					"dev": true,
					"requires": {
						"big.js": "^5.2.2",
						"emojis-list": "^2.0.0",
						"json5": "^1.0.1"
					}
				},
				"mime": {
					"version": "2.4.4",
					"resolved": "https://registry.npmjs.org/mime/-/mime-2.4.4.tgz",
					"integrity": "sha512-LRxmNwziLPT828z+4YkNzloCFC2YM4wrB99k+AV5ZbEyfGNWfG8SO1FUXLmLDBSo89NrJZ4DIWeLjy1CHGhMGA==",
					"dev": true
				},
				"minimist": {
					"version": "1.2.0",
					"resolved": "https://registry.npmjs.org/minimist/-/minimist-1.2.0.tgz",
					"integrity": "sha1-o1AIsg9BOD7sH7kU9M1d95omQoQ=",
					"dev": true
				},
				"punycode": {
					"version": "2.1.1",
					"resolved": "https://registry.npmjs.org/punycode/-/punycode-2.1.1.tgz",
					"integrity": "sha512-XRsRjdf+j5ml+y/6GKHPZbrF/8p2Yga0JPtdqTIY2Xe5ohJPD9saDJJLPvp9+NSBprVvevdXZybnj2cv8OEd0A==",
					"dev": true
				},
				"schema-utils": {
					"version": "2.6.4",
					"resolved": "https://registry.npmjs.org/schema-utils/-/schema-utils-2.6.4.tgz",
					"integrity": "sha512-VNjcaUxVnEeun6B2fiiUDjXXBtD4ZSH7pdbfIu1pOFwgptDPLMo/z9jr4sUfsjFVPqDCEin/F7IYlq7/E6yDbQ==",
					"dev": true,
					"requires": {
						"ajv": "^6.10.2",
						"ajv-keywords": "^3.4.1"
					}
				},
				"uri-js": {
					"version": "4.2.2",
					"resolved": "https://registry.npmjs.org/uri-js/-/uri-js-4.2.2.tgz",
					"integrity": "sha512-KY9Frmirql91X2Qgjry0Wd4Y+YTdrdZheS8TFwvkbLWf/G5KNJDCh6pKL5OZctEW4+0Baa5idK2ZQuELRwPznQ==",
					"dev": true,
					"requires": {
						"punycode": "^2.1.0"
					}
				}
			}
		}
	}
}
