{
	"name": "@chaincode/monaco",
	"version": "0.3.1",
	"lockfileVersion": 1,
	"requires": true,
	"dependencies": {
		"monaco-editor": {
			"version": "0.15.6",
			"resolved": "https://registry.npmjs.org/monaco-editor/-/monaco-editor-0.15.6.tgz",
			"integrity": "sha512-JoU9V9k6KqT9R9Tiw1RTU8ohZ+Xnf9DMg6Ktqqw5hILumwmq7xqa/KLXw513uTUsWbhtnHoSJYYR++u3pkyxJg=="
		}
	}
}
