{
  "name": "@chaincode/scoreboard",
  "version": "0.0.4",
  "lockfileVersion": 1,
  "requires": true,
  "dependencies": {
    "@prague/url-generator": {
      "version": "1.0.7860",
      "resolved": "https://packages.wu2.prague.office-int.com/@prague%2furl-generator/-/url-generator-1.0.7860.tgz",
      "integrity": "sha512-A2BPgD9BR3H2s48UwOSJJpn1wo3mV1P85/5yPayqm7cb6zu05AOeuE/LrbyGv6fq6aOtQ2LX0mNsMFRsOYmeDg==",
      "dev": true,
      "requires": {
        "commander": "^2.20.0"
      }
    },
    "commander": {
      "version": "2.20.0",
      "resolved": "https://registry.npmjs.org/commander/-/commander-2.20.0.tgz",
      "integrity": "sha512-7j2y+40w61zy6YC2iRNpUe/NwhNyoXrYpHMrSunaMG64nRnaf96zO/KMQR4OyN/UnE5KLyEBnKHd4aG3rskjpQ==",
      "dev": true
    }
  }
}
