{
	"name": "@microsoft/fluid-aqueduct",
	"version": "0.16.0",
	"lockfileVersion": 1,
	"requires": true,
	"dependencies": {
		"inversify": {
			"version": "5.0.1",
			"resolved": "https://pkgs.dev.azure.com/FluidDeveloperProgram/af93f492-1e56-4fc8-b7c0-9bea4d604c75/_packaging/packages/npm/registry/inversify/-/inversify-5.0.1.tgz",
			"integrity": "sha1-UA1wmxQ0iWzloNWJFcSkIQ40+24="
		},
		"reflect-metadata": {
			"version": "0.1.13",
			"resolved": "https://pkgs.dev.azure.com/FluidDeveloperProgram/af93f492-1e56-4fc8-b7c0-9bea4d604c75/_packaging/packages/npm/registry/reflect-metadata/-/reflect-metadata-0.1.13.tgz",
			"integrity": "sha1-Z648pXyXKiqhZCsQ/jY/4y1J3Ag="
		},
		"typescript": {
			"version": "3.7.4",
			"resolved": "https://registry.npmjs.org/typescript/-/typescript-3.7.4.tgz",
			"integrity": "sha512-A25xv5XCtarLwXpcDNZzCGvW2D1S3/bACratYBx2sax8PefsFhlYmkQicKHvpYflFS8if4zne5zT5kpJ7pzuvw==",
			"dev": true
		}
	}
}
