{
  "name": "prague-rdkafka",
  "version": "1.0.0",
  "lockfileVersion": 1,
  "requires": true,
  "dependencies": {
    "@types/node": {
      "version": "8.10.10",
      "resolved": "https://registry.npmjs.org/@types/node/-/node-8.10.10.tgz",
      "integrity": "sha512-p3W/hFzQs76RlYRIZsZc5a9bht6m0TspmWYYbKhRswmLnwj9fsE40EbuGifeu/XWR/c0UJQ1DDbvTxIsm/OOAA==",
      "dev": true
    },
    "bindings": {
      "version": "1.3.0",
      "resolved": "https://registry.npmjs.org/bindings/-/bindings-1.3.0.tgz",
      "integrity": "sha512-DpLh5EzMR2kzvX1KIlVC0VkC3iZtHKTgdtZ0a3pglBZdaQFjt5S9g9xd1lE+YvXyfd6mtCeRnrUfOLYiTMlNSw=="
    },
    "nan": {
      "version": "2.10.0",
      "resolved": "https://registry.npmjs.org/nan/-/nan-2.10.0.tgz",
      "integrity": "sha512-bAdJv7fBLhWC+/Bls0Oza+mvTaNQtP+1RyhhhvD95pgUJz6XM5IzgmxOkItJ9tkoCiplvAnXI1tNmmUD/eScyA=="
    },
    "node-rdkafka": {
      "version": "2.3.2",
      "resolved": "https://registry.npmjs.org/node-rdkafka/-/node-rdkafka-2.3.2.tgz",
      "integrity": "sha1-ay+5UNNPkrfhL8MZBB5iF4HbQV8=",
      "requires": {
        "bindings": "1.3.0",
        "nan": "2.10.0"
      }
    },
    "typescript": {
      "version": "2.8.3",
      "resolved": "https://registry.npmjs.org/typescript/-/typescript-2.8.3.tgz",
      "integrity": "sha512-K7g15Bb6Ra4lKf7Iq2l/I5/En+hLIHmxWZGq3D4DIRNFxMNV6j2SHSvDOqs2tGd4UvD/fJvrwopzQXjLrT7Itw==",
      "dev": true
    }
  }
}
