{
  "requires": true,
  "lockfileVersion": 1,
  "dependencies": {
    "@ms/excel-online-calc": {
      "version": "8.8.1",
      "resolved": "https://office.pkgs.visualstudio.com/_packaging/Office/npm/registry/@ms/excel-online-calc/-/excel-online-calc-8.8.1.tgz",
      "integrity": "sha1-3kkC43FbXC/xC3yEzmobSREEgpM=",
      "requires": {
        "@ms/excel-online-common": ">=2.4.17 <3.0.0",
        "tslib": "^1.9.0"
      }
    },
    "@ms/excel-online-common": {
      "version": "2.4.17",
      "resolved": "https://office.pkgs.visualstudio.com/_packaging/Office/npm/registry/@ms/excel-online-common/-/excel-online-common-2.4.17.tgz",
      "integrity": "sha1-jdWW6QC1pSPVPKB1KEfKggjkLGk=",
      "requires": {
        "tslib": "^1.9.0"
      }
    },
    "esm": {
      "version": "3.0.72",
      "resolved": "https://registry.npmjs.org/esm/-/esm-3.0.72.tgz",
      "integrity": "sha512-xmh7Ay/71Wl41EPM3FVomp/GZKMgEGoo3x/qWdbGi+0DODbte+2l1sSXAiDKahBQn0zioG30ZNJTkxz08pEsMw=="
    },
    "tslib": {
      "version": "1.9.3",
      "resolved": "https://office.pkgs.visualstudio.com/_packaging/Office/npm/registry/tslib/-/tslib-1.9.3.tgz",
      "integrity": "sha1-1+TdeSRdhUKMTX5IIqeZF5VMooY="
    }
  }
}
