{
  "requires": true,
  "lockfileVersion": 1,
  "dependencies": {
    "json-stringify-safe": {
      "version": "5.0.1",
      "resolved": "https://packages.wu2.prague.office-int.com/json-stringify-safe/-/json-stringify-safe-5.0.1.tgz",
      "integrity": "sha1-Epai1Y/UXxmg9s4B1lcB4sc1tus="
    }
  }
}
