{
  "name": "dependency-injection",
  "version": "0.0.1",
  "lockfileVersion": 1,
  "requires": true,
  "dependencies": {
    "@ff-internal/aria-logger": {
      "version": "0.0.1",
      "resolved": "https://pkgs.dev.azure.com/fluidframework/internal/_packaging/build/npm/registry/@ff-internal/aria-logger/-/aria-logger-0.0.1.tgz",
      "integrity": "sha1-9hqd/kVX/bWHmatTNnypWdkUmoo=",
      "requires": {
        "@fluidx/telemetry": "^5.2.4"
      }
    },
    "@fluidx/telemetry": {
      "version": "5.3.7",
      "resolved": "https://office.pkgs.visualstudio.com/_packaging/Office/npm/registry/@fluidx/telemetry/-/telemetry-5.3.7.tgz",
      "integrity": "sha1-95ISzF09fpNcw0r/WJn39YVxzOw=",
      "requires": {
        "@ms/oteljs": "^3.1.68",
        "@ms/oteljs-1ds": "^3.1.68",
        "tslib": "^1.10.0",
        "uuid": "^8.3.1"
      }
    },
    "@microsoft/applicationinsights-core-js": {
      "version": "2.5.11",
      "resolved": "https://registry.npmjs.org/@microsoft/applicationinsights-core-js/-/applicationinsights-core-js-2.5.11.tgz",
      "integrity": "sha512-Httm8NiFnb+gwBvMy+RcI1v9M8qu8JqIn6Wht7QnhPwaVBvwYCFLrIfoT0LOjwAGGASmFHueHMSnbboYWmiZjw==",
      "requires": {
        "@microsoft/applicationinsights-shims": "1.0.3",
        "@microsoft/dynamicproto-js": "^1.1.0"
      }
    },
    "@microsoft/applicationinsights-shims": {
      "version": "1.0.3",
      "resolved": "https://registry.npmjs.org/@microsoft/applicationinsights-shims/-/applicationinsights-shims-1.0.3.tgz",
      "integrity": "sha512-+S17aqEkOYpyBpmclhgwcEplwnxSo5AxYBdRg38GBobI1GKPSpZfnLssLzcjJ6XZCS5tqB5xjyTZs6gHj7ZJWQ=="
    },
    "@microsoft/dynamicproto-js": {
      "version": "1.1.0",
      "resolved": "https://registry.npmjs.org/@microsoft/dynamicproto-js/-/dynamicproto-js-1.1.0.tgz",
      "integrity": "sha512-pjcr+A6wTQHl/S4b5zQzeDMC6+9ekojCFHQAEYI4a8u9ZjWwbg4jmtO22CWEuRWWN/lBMjay9FKanlODWk5wqQ=="
    },
    "@ms/1ds-core-js": {
      "version": "2.4.6",
      "resolved": "https://office.pkgs.visualstudio.com/_packaging/Office/npm/registry/@ms/1ds-core-js/-/1ds-core-js-2.4.6.tgz",
      "integrity": "sha1-CPOH4SoVSQo1Vy3l6hIYS49StkI=",
      "requires": {
        "@microsoft/applicationinsights-core-js": "2.5.11",
        "@microsoft/applicationinsights-shims": "^1.0.3",
        "@microsoft/dynamicproto-js": "^1.1.0"
      }
    },
    "@ms/1ds-post-js": {
      "version": "2.4.6",
      "resolved": "https://office.pkgs.visualstudio.com/_packaging/Office/npm/registry/@ms/1ds-post-js/-/1ds-post-js-2.4.6.tgz",
      "integrity": "sha1-aSSn9cX03XT8ZATPgs85zfTwJCk=",
      "requires": {
        "@microsoft/applicationinsights-shims": "^1.0.3",
        "@microsoft/dynamicproto-js": "^1.1.0"
      }
    },
    "@ms/oteljs": {
      "version": "3.1.69",
      "resolved": "https://office.pkgs.visualstudio.com/_packaging/Office/npm/registry/@ms/oteljs/-/oteljs-3.1.69.tgz",
      "integrity": "sha1-J+o9Mga5eohcpQaf62gZrpYRNrc="
    },
    "@ms/oteljs-1ds": {
      "version": "3.1.69",
      "resolved": "https://office.pkgs.visualstudio.com/_packaging/Office/npm/registry/@ms/oteljs-1ds/-/oteljs-1ds-3.1.69.tgz",
      "integrity": "sha1-MTrBELRHLxUOwTRyRLOHW83D6YM=",
      "requires": {
        "@ms/1ds-core-js": "~2.4.5",
        "@ms/1ds-post-js": "~2.4.5",
        "@ms/oteljs": "^3.1.69",
        "@types/uuid": "^3.3.2",
        "uuid": "^3.3.2"
      },
      "dependencies": {
        "uuid": {
          "version": "3.4.0",
          "resolved": "https://registry.npmjs.org/uuid/-/uuid-3.4.0.tgz",
          "integrity": "sha512-HjSDRw6gZE5JMggctHBcjVak08+KEVhSIiDzFnT9S9aegmp85S/bReBVTb4QTFaRNptJ9kuYaNhnbNEOkbKb/A=="
        }
      }
    },
    "@types/uuid": {
      "version": "3.4.9",
      "resolved": "https://registry.npmjs.org/@types/uuid/-/uuid-3.4.9.tgz",
      "integrity": "sha512-XDwyIlt/47l2kWLTzw/mtrpLdB+GPSskR2n/PIcPn+VYhVO77rGhRncIR5GPU0KRzXuqkDO+J5qqrG0Y8P6jzQ=="
    },
    "tslib": {
      "version": "1.14.1",
      "resolved": "https://registry.npmjs.org/tslib/-/tslib-1.14.1.tgz",
      "integrity": "sha512-Xni35NKzjgMrwevysHTCArtLDpPvye8zV/0E4EyYn43P7/7qvQwPh9BGkHewbMulVntbigmcT7rdX3BNo9wRJg=="
    },
    "uuid": {
      "version": "8.3.2",
      "resolved": "https://registry.npmjs.org/uuid/-/uuid-8.3.2.tgz",
      "integrity": "sha512-+NYs2QeMWy+GWFOEm9xnn6HCDp0l7QBD7ml8zLUmJ+93Q5NF0NocErnwkTkXVFNiX3/fpC6afS8Dhb/gz7R7eg=="
    }
  }
}
