{
  "name": "dependency-injection",
  "version": "0.0.1",
  "lockfileVersion": 1,
  "requires": true,
  "dependencies": {
    "@ff-internal/aria-logger": {
      "version": "0.0.3",
      "resolved": "https://pkgs.dev.azure.com/fluidframework/internal/_packaging/build/npm/registry/@ff-internal/aria-logger/-/aria-logger-0.0.3.tgz",
      "integrity": "sha1-Jdwl3zJEQEs/XZiIy2nJUBi3e+4=",
      "requires": {
        "@fluidframework/common-definitions": "^0.19.1",
        "@ms/oteljs": "^3.1.68",
        "@ms/oteljs-1ds": "^3.1.68",
        "uuid": "^8.3.1"
      }
    },
    "@fluidframework/common-definitions": {
      "version": "0.19.1",
      "resolved": "https://office.pkgs.visualstudio.com/_packaging/Office/npm/registry/@fluidframework/common-definitions/-/common-definitions-0.19.1.tgz",
      "integrity": "sha1-vKGu0KOI41kEPxt80yHJJSuFazE="
    },
    "@microsoft/applicationinsights-core-js": {
      "version": "2.5.11",
      "resolved": "https://office.pkgs.visualstudio.com/_packaging/Office/npm/registry/@microsoft/applicationinsights-core-js/-/applicationinsights-core-js-2.5.11.tgz",
      "integrity": "sha1-NtGmI98T7p10SSHdP73q0HxuLjg=",
      "requires": {
        "@microsoft/applicationinsights-shims": "1.0.3",
        "@microsoft/dynamicproto-js": "^1.1.0"
      }
    },
    "@microsoft/applicationinsights-shims": {
      "version": "1.0.3",
      "resolved": "https://office.pkgs.visualstudio.com/_packaging/Office/npm/registry/@microsoft/applicationinsights-shims/-/applicationinsights-shims-1.0.3.tgz",
      "integrity": "sha1-nx0WurBDDyXMF2EcU3dWz039ODM="
    },
    "@microsoft/dynamicproto-js": {
      "version": "1.1.0",
      "resolved": "https://office.pkgs.visualstudio.com/_packaging/Office/npm/registry/@microsoft/dynamicproto-js/-/dynamicproto-js-1.1.0.tgz",
      "integrity": "sha1-tqgfSsxlX/2PN/7rkuc6B+KzliI="
    },
    "@ms/1ds-core-js": {
      "version": "2.4.6",
      "resolved": "https://office.pkgs.visualstudio.com/_packaging/Office/npm/registry/@ms/1ds-core-js/-/1ds-core-js-2.4.6.tgz",
      "integrity": "sha1-CPOH4SoVSQo1Vy3l6hIYS49StkI=",
      "requires": {
        "@microsoft/applicationinsights-core-js": "2.5.11",
        "@microsoft/applicationinsights-shims": "^1.0.3",
        "@microsoft/dynamicproto-js": "^1.1.0"
      }
    },
    "@ms/1ds-post-js": {
      "version": "2.4.6",
      "resolved": "https://office.pkgs.visualstudio.com/_packaging/Office/npm/registry/@ms/1ds-post-js/-/1ds-post-js-2.4.6.tgz",
      "integrity": "sha1-aSSn9cX03XT8ZATPgs85zfTwJCk=",
      "requires": {
        "@microsoft/applicationinsights-shims": "^1.0.3",
        "@microsoft/dynamicproto-js": "^1.1.0"
      }
    },
    "@ms/oteljs": {
      "version": "3.1.69",
      "resolved": "https://office.pkgs.visualstudio.com/_packaging/Office/npm/registry/@ms/oteljs/-/oteljs-3.1.69.tgz",
      "integrity": "sha1-J+o9Mga5eohcpQaf62gZrpYRNrc="
    },
    "@ms/oteljs-1ds": {
      "version": "3.1.69",
      "resolved": "https://office.pkgs.visualstudio.com/_packaging/Office/npm/registry/@ms/oteljs-1ds/-/oteljs-1ds-3.1.69.tgz",
      "integrity": "sha1-MTrBELRHLxUOwTRyRLOHW83D6YM=",
      "requires": {
        "@ms/1ds-core-js": "~2.4.5",
        "@ms/1ds-post-js": "~2.4.5",
        "@ms/oteljs": "^3.1.69",
        "@types/uuid": "^3.3.2",
        "uuid": "^3.3.2"
      },
      "dependencies": {
        "uuid": {
          "version": "3.4.0",
          "resolved": "https://office.pkgs.visualstudio.com/_packaging/Office/npm/registry/uuid/-/uuid-3.4.0.tgz",
          "integrity": "sha1-sj5DWK+oogL+ehAK8fX4g/AgB+4="
        }
      }
    },
    "@types/uuid": {
      "version": "3.4.9",
      "resolved": "https://office.pkgs.visualstudio.com/_packaging/Office/npm/registry/@types/uuid/-/uuid-3.4.9.tgz",
      "integrity": "sha1-/PAZl7vJ98Ca5fkTg68HbUZllOE="
    },
    "uuid": {
      "version": "8.3.2",
      "resolved": "https://office.pkgs.visualstudio.com/_packaging/Office/npm/registry/uuid/-/uuid-8.3.2.tgz",
      "integrity": "sha1-gNW1ztJxu5r2xEXyGhoExgbO++I="
    }
  }
}
