{
	"name": "@prague/client-ui",
	"version": "0.2.0",
	"lockfileVersion": 1,
	"requires": true,
	"dependencies": {
		"@types/katex": {
			"version": "0.10.1",
			"resolved": "https://registry.npmjs.org/@types/katex/-/katex-0.10.1.tgz",
			"integrity": "sha512-jU8eRIZQGUEU/M+IUB4/3vA68EjJJhuMGxrTFBKssNphM1mMfnoDp9abrMFYRR0ECjBdaE0p8hCk7vmhJ4l1gw==",
			"dev": true
		},
		"commander": {
			"version": "2.19.0",
			"resolved": "https://registry.npmjs.org/commander/-/commander-2.19.0.tgz",
			"integrity": "sha512-6tvAOO+D6OENvRAh524Dh9jcfKTYDQAqvqezbCW82xj5X0pSrcpxtvRKHLG0yBY6SD7PSDrJaj+0AiOcKVd1Xg=="
		},
		"katex": {
			"version": "0.10.1",
			"resolved": "https://registry.npmjs.org/katex/-/katex-0.10.1.tgz",
			"integrity": "sha512-iZXZ2L8pEP7HXBLAaeWkdLxnoRQ8Fdks8IuIVt01tYb+D8e0em5JYgfe6J48wXsuEr512IRCN5Kvwb9FjZH6kg==",
			"requires": {
				"commander": "^2.19.0"
			}
		},
		"tslint-microsoft-contrib": {
			"version": "6.0.0",
			"resolved": "https://registry.npmjs.org/tslint-microsoft-contrib/-/tslint-microsoft-contrib-6.0.0.tgz",
			"integrity": "sha512-R//efwn+34IUjTJeYgNDAJdzG0jyLWIehygPt/PHuZAieTolFVS56FgeFW7DOLap9ghXzMiFPTmDgm54qaL7QA==",
			"dev": true,
			"requires": {
				"tsutils": "^2.27.2 <2.29.0"
			},
			"dependencies": {
				"tslib": {
					"version": "1.9.3",
					"resolved": "https://registry.npmjs.org/tslib/-/tslib-1.9.3.tgz",
					"integrity": "sha512-4krF8scpejhaOgqzBEcGM7yDIEfi0/8+8zDRZhNZZ2kjmHJ4hv3zCbQWxoJGz1iw5U0Jl0nma13xzHXcncMavQ==",
					"dev": true
				},
				"tsutils": {
					"version": "2.28.0",
					"resolved": "https://registry.npmjs.org/tsutils/-/tsutils-2.28.0.tgz",
					"integrity": "sha512-bh5nAtW0tuhvOJnx1GLRn5ScraRLICGyJV5wJhtRWOLsxW70Kk5tZtpK3O/hW6LDnqKS9mlUMPZj9fEMJ0gxqA==",
					"dev": true,
					"requires": {
						"tslib": "^1.8.1"
					}
				}
			}
		}
	}
}
