{
  "name": "sequence",
  "version": "0.1.0",
  "lockfileVersion": 1,
  "requires": true,
  "dependencies": {
    "@types/debug": {
      "version": "0.0.30",
      "resolved": "https://registry.npmjs.org/@types/debug/-/debug-0.0.30.tgz",
      "integrity": "sha512-orGL5LXERPYsLov6CWs3Fh6203+dXzJkR7OnddIr2514Hsecwc8xRpzCapshBbKFImCsvS/mk6+FWiN5LyZJAQ==",
      "dev": true
    },
    "@types/jquery": {
      "version": "3.2.15",
      "resolved": "https://registry.npmjs.org/@types/jquery/-/jquery-3.2.15.tgz",
      "integrity": "sha512-SmiwGv/ISoltkDMngZ8sb9ijj6mYx3084XkHul/U4r03N2C14j6F+Lx+RfZ/f5zGOVOKEUIrRLVCNFKEaVDABQ==",
      "dev": true
    },
    "@types/node": {
      "version": "8.0.47",
      "resolved": "https://registry.npmjs.org/@types/node/-/node-8.0.47.tgz",
      "integrity": "sha512-kOwL746WVvt/9Phf6/JgX/bsGQvbrK5iUgzyfwZNcKVFcjAUVSpF9HxevLTld2SG9aywYHOILj38arDdY1r/iQ==",
      "dev": true
    },
    "@types/socket.io-client": {
      "version": "1.4.31",
      "resolved": "https://registry.npmjs.org/@types/socket.io-client/-/socket.io-client-1.4.31.tgz",
      "integrity": "sha512-CNxZH+ZPL0bkg9qr7HMNHI2TzZOHGbha3LrrH8TIMutd2TUAreb1YJ9u8pfptzZbbBiwnSpZkY+mmrqkZp5I7A==",
      "dev": true
    },
    "gitresources": {
      "version": "https://praguenpm.blob.core.windows.net/packages/gitresources-0.7.0.tgz",
      "integrity": "sha512-LphulkQBskcVDNT6EfsFgN9WBaud6A45ThgLA/EGyPaDZ5N19bsvxLOuVe7x1bo4I/dzVldiJDdKzWX9XoCszw==",
      "dev": true
    },
    "typescript": {
      "version": "2.5.3",
      "resolved": "https://registry.npmjs.org/typescript/-/typescript-2.5.3.tgz",
      "integrity": "sha512-ptLSQs2S4QuS6/OD1eAKG+S5G8QQtrU5RT32JULdZQtM1L3WTi34Wsu48Yndzi8xsObRAB9RPt/KhA9wlpEF6w==",
      "dev": true
    }
  }
}
