{
  "name": "@fluidframework/test-tools",
  "version": "0.1.0",
  "lockfileVersion": 1,
  "requires": true,
  "dependencies": {
    "@types/node": {
      "version": "11.15.14",
      "resolved": "https://registry.npmjs.org/@types/node/-/node-11.15.14.tgz",
      "integrity": "sha512-5R/ADTMiAxv+4GAwzsupaUO51T1e0UYdPc8StO/t6a+Fv1o2sbY9MWgmP2QxtKGwge8HqTjq058L360ai5RDug==",
      "dev": true
    },
    "typescript": {
      "version": "3.9.3",
      "resolved": "https://registry.npmjs.org/typescript/-/typescript-3.9.3.tgz",
      "integrity": "sha512-D/wqnB2xzNFIcoBG9FG8cXRDjiqSTbG2wd8DMZeQyJlP1vfTkIxH4GKveWaEBYySKIg+USu+E+EDIR47SqnaMQ==",
      "dev": true
    }
  }
}
