{
  "name": "@fluidframework/test-tools",
  "version": "0.2.0",
  "lockfileVersion": 1,
  "requires": true,
  "dependencies": {
    "@types/node": {
      "version": "14.18.23",
      "resolved": "https://registry.npmjs.org/@types/node/-/node-14.18.23.tgz",
      "integrity": "sha512-MhbCWN18R4GhO8ewQWAFK4TGQdBpXWByukz7cWyJmXhvRuCIaM/oWytGPqVmDzgEnnaIc9ss6HbU5mUi+vyZPA==",
      "dev": true
    },
    "typescript": {
      "version": "4.5.5",
      "resolved": "https://registry.npmjs.org/typescript/-/typescript-4.5.5.tgz",
      "integrity": "sha512-TCTIul70LyWe6IJWT8QSYeA54WQe8EjQFU4wY52Fasj5UKx88LNYKCgBEHcOMOrFF1rKGbD8v/xcNWVUq9SymA==",
      "dev": true
    }
  }
}
