{
  "name": "@chaincode/flow-host",
  "version": "0.2.3",
  "lockfileVersion": 1,
  "requires": true,
  "dependencies": {
    "@types/react": {
      "version": "16.8.14",
      "resolved": "https://registry.npmjs.org/@types/react/-/react-16.8.14.tgz",
      "integrity": "sha512-26tFVJ1omGmzIdFTFmnC5zhz1GTaqCjxgUxV4KzWvsybF42P7/j4RBn6UeO3KbHPXqKWZszMXMoI65xIWm954A==",
      "dev": true,
      "requires": {
        "@types/prop-types": "*",
        "csstype": "^2.2.0"
      },
      "dependencies": {
        "@types/prop-types": {
          "version": "15.7.1",
          "resolved": "https://registry.npmjs.org/@types/prop-types/-/prop-types-15.7.1.tgz",
          "integrity": "sha512-CFzn9idOEpHrgdw8JsoTkaDDyRWk1jrzIV8djzcgpq0y9tG4B4lFT+Nxh52DVpDXV+n4+NPNv7M1Dj5uMp6XFg==",
          "dev": true
        },
        "csstype": {
          "version": "2.6.4",
          "resolved": "https://registry.npmjs.org/csstype/-/csstype-2.6.4.tgz",
          "integrity": "sha512-lAJUJP3M6HxFXbqtGRc0iZrdyeN+WzOWeY0q/VnFzI+kqVrYIzC7bWlKqCW7oCIdzoPkvfp82EVvrTlQ8zsWQg==",
          "dev": true
        }
      }
    },
    "tslint-microsoft-contrib": {
      "version": "6.0.0",
      "resolved": "https://registry.npmjs.org/tslint-microsoft-contrib/-/tslint-microsoft-contrib-6.0.0.tgz",
      "integrity": "sha512-R//efwn+34IUjTJeYgNDAJdzG0jyLWIehygPt/PHuZAieTolFVS56FgeFW7DOLap9ghXzMiFPTmDgm54qaL7QA==",
      "dev": true,
      "requires": {
        "tsutils": "^2.27.2 <2.29.0"
      },
      "dependencies": {
        "tslib": {
          "version": "1.9.3",
          "resolved": "https://registry.npmjs.org/tslib/-/tslib-1.9.3.tgz",
          "integrity": "sha512-4krF8scpejhaOgqzBEcGM7yDIEfi0/8+8zDRZhNZZ2kjmHJ4hv3zCbQWxoJGz1iw5U0Jl0nma13xzHXcncMavQ==",
          "dev": true
        },
        "tsutils": {
          "version": "2.28.0",
          "resolved": "https://registry.npmjs.org/tsutils/-/tsutils-2.28.0.tgz",
          "integrity": "sha512-bh5nAtW0tuhvOJnx1GLRn5ScraRLICGyJV5wJhtRWOLsxW70Kk5tZtpK3O/hW6LDnqKS9mlUMPZj9fEMJ0gxqA==",
          "dev": true,
          "requires": {
            "tslib": "^1.8.1"
          }
        }
      }
    }
  }
}
